
Microsoft Visual Studio Solution File, Format Version 12.00
# Visual Studio 15
VisualStudioVersion = 15.0.26730.16
MinimumVisualStudioVersion = 10.0.40219.1
Project("{FAE04EC0-301F-11D3-BF4B-00C04F79EFBC}") = "ProjAula2", "ProjAula2\ProjAula2.csproj", "{17ACE9B5-542A-4B9E-87D1-8F06A38BA794}"
EndProject
Project("{FAE04EC0-301F-11D3-BF4B-00C04F79EFBC}") = "ProjCalculos", "ProjCalculos\ProjCalculos.csproj", "{E99236AD-96DE-4199-8F6B-28B9F63057BF}"
EndProject
Global
	GlobalSection(SolutionConfigurationPlatforms) = preSolution
		Debug|Any CPU = Debug|Any CPU
		Release|Any CPU = Release|Any CPU
	EndGlobalSection
	GlobalSection(ProjectConfigurationPlatforms) = postSolution
		{17ACE9B5-542A-4B9E-87D1-8F06A38BA794}.Debug|Any CPU.ActiveCfg = Debug|Any CPU
		{17ACE9B5-542A-4B9E-87D1-8F06A38BA794}.Debug|Any CPU.Build.0 = Debug|Any CPU
		{17ACE9B5-542A-4B9E-87D1-8F06A38BA794}.Release|Any CPU.ActiveCfg = Release|Any CPU
		{17ACE9B5-542A-4B9E-87D1-8F06A38BA794}.Release|Any CPU.Build.0 = Release|Any CPU
		{E99236AD-96DE-4199-8F6B-28B9F63057BF}.Debug|Any CPU.ActiveCfg = Debug|Any CPU
		{E99236AD-96DE-4199-8F6B-28B9F63057BF}.Debug|Any CPU.Build.0 = Debug|Any CPU
		{E99236AD-96DE-4199-8F6B-28B9F63057BF}.Release|Any CPU.ActiveCfg = Release|Any CPU
		{E99236AD-96DE-4199-8F6B-28B9F63057BF}.Release|Any CPU.Build.0 = Release|Any CPU
	EndGlobalSection
	GlobalSection(SolutionProperties) = preSolution
		HideSolutionNode = FALSE
	EndGlobalSection
	GlobalSection(ExtensibilityGlobals) = postSolution
		SolutionGuid = {7602EFDF-3539-4E36-8492-41A6F730E0C4}
	EndGlobalSection
EndGlobal
